// !$*UTF8*$!
{
	archiveVersion = 1;
	classes = {
	};
	objectVersion = 50;
	objects = {

/* Begin PBXBuildFile section */
		2925BC6B23EF8E44008C1688 /* AppDelegate.swift in Sources */ = {isa = PBXBuildFile; fileRef = 2925BC6A23EF8E44008C1688 /* AppDelegate.swift */; };
		2925BC6D23EF8E44008C1688 /* SceneDelegate.swift in Sources */ = {isa = PBXBuildFile; fileRef = 2925BC6C23EF8E44008C1688 /* SceneDelegate.swift */; };
		2925BC6F23EF8E44008C1688 /* ContentView.swift in Sources */ = {isa = PBXBuildFile; fileRef = 2925BC6E23EF8E44008C1688 /* ContentView.swift */; };
		2925BC7123EF8E46008C1688 /* Assets.xcassets in Resources */ = {isa = PBXBuildFile; fileRef = 2925BC7023EF8E46008C1688 /* Assets.xcassets */; };
		2925BC7423EF8E46008C1688 /* Preview Assets.xcassets in Resources */ = {isa = PBXBuildFile; fileRef = 2925BC7323EF8E46008C1688 /* Preview Assets.xcassets */; };
		2925BC7723EF8E46008C1688 /* LaunchScreen.storyboard in Resources */ = {isa = PBXBuildFile; fileRef = 2925BC7523EF8E46008C1688 /* LaunchScreen.storyboard */; };
/* End PBXBuildFile section */

/* Begin PBXFileReference section */
		2925BC6723EF8E44008C1688 /* Vision.app */ = {isa = PBXFileReference; explicitFileType = wrapper.application; includeInIndex = 0; path = Vision.app; sourceTree = BUILT_PRODUCTS_DIR; };
		2925BC6A23EF8E44008C1688 /* AppDelegate.swift */ = {isa = PBXFileReference; lastKnownFileType = sourcecode.swift; path = AppDelegate.swift; sourceTree = "<group>"; };
		2925BC6C23EF8E44008C1688 /* SceneDelegate.swift */ = {isa = PBXFileReference; lastKnownFileType = sourcecode.swift; path = SceneDelegate.swift; sourceTree = "<group>"; };
		2925BC6E23EF8E44008C1688 /* ContentView.swift */ = {isa = PBXFileReference; lastKnownFileType = sourcecode.swift; path = ContentView.swift; sourceTree = "<group>"; };
		2925BC7023EF8E46008C1688 /* Assets.xcassets */ = {isa = PBXFileReference; lastKnownFileType = folder.assetcatalog; path = Assets.xcassets; sourceTree = "<group>"; };
		2925BC7323EF8E46008C1688 /* Preview Assets.xcassets */ = {isa = PBXFileReference; lastKnownFileType = folder.assetcatalog; path = "Preview Assets.xcassets"; sourceTree = "<group>"; };
		2925BC7623EF8E46008C1688 /* Base */ = {isa = PBXFileReference; lastKnownFileType = file.storyboard; name = Base; path = Base.lproj/LaunchScreen.storyboard; sourceTree = "<group>"; };
		2925BC7823EF8E46008C1688 /* Info.plist */ = {isa = PBXFileReference; lastKnownFileType = text.plist.xml; path = Info.plist; sourceTree = "<group>"; };
/* End PBXFileReference section */

/* Begin PBXFrameworksBuildPhase section */
		2925BC6423EF8E44008C1688 /* Frameworks */ = {
			isa = PBXFrameworksBuildPhase;
			buildActionMask = 2147483647;
			files = (
			);
			runOnlyForDeploymentPostprocessing = 0;
		};
/* End PBXFrameworksBuildPhase section */

/* Begin PBXGroup section */
		2925BC5E23EF8E44008C1688 = {
			isa = PBXGroup;
			children = (
				2925BC6923EF8E44008C1688 /* Vision */,
				2925BC6823EF8E44008C1688 /* Products */,
			);
			sourceTree = "<group>";
		};
		2925BC6823EF8E44008C1688 /* Products */ = {
			isa = PBXGroup;
			children = (
				2925BC6723EF8E44008C1688 /* Vision.app */,
			);
			name = Products;
			sourceTree = "<group>";
		};
		2925BC6923EF8E44008C1688 /* Vision */ = {
			isa = PBXGroup;
			children = (
				2925BC6A23EF8E44008C1688 /* AppDelegate.swift */,
				2925BC6C23EF8E44008C1688 /* SceneDelegate.swift */,
				2925BC6E23EF8E44008C1688 /* ContentView.swift */,
				2925BC7023EF8E46008C1688 /* Assets.xcassets */,
				2925BC7523EF8E46008C1688 /* LaunchScreen.storyboard */,
				2925BC7823EF8E46008C1688 /* Info.plist */,
				2925BC7223EF8E46008C1688 /* Preview Content */,
			);
			path = Vision;
			sourceTree = "<group>";
		};
		2925BC7223EF8E46008C1688 /* Preview Content */ = {
			isa = PBXGroup;
			children = (
				2925BC7323EF8E46008C1688 /* Preview Assets.xcassets */,
			);
			path = "Preview Content";
			sourceTree = "<group>";
		};
/* End PBXGroup section */

/* Begin PBXNativeTarget section */
		2925BC6623EF8E44008C1688 /* Vision */ = {
			isa = PBXNativeTarget;
			buildConfigurationList = 2925BC7B23EF8E46008C1688 /* Build configuration list for PBXNativeTarget "Vision" */;
			buildPhases = (
				2925BC6323EF8E44008C1688 /* Sources */,
				2925BC6423EF8E44008C1688 /* Frameworks */,
				2925BC6523EF8E44008C1688 /* Resources */,
			);
			buildRules = (
			);
			dependencies = (
			);
			name = Vision;
			productName = Vision;
			productReference = 2925BC6723EF8E44008C1688 /* Vision.app */;
			productType = "com.apple.product-type.application";
		};
/* End PBXNativeTarget section */

/* Begin PBXProject section */
		2925BC5F23EF8E44008C1688 /* Project object */ = {
			isa = PBXProject;
			attributes = {
				LastSwiftUpdateCheck = 1130;
				LastUpgradeCheck = 1130;
				ORGANIZATIONNAME = canericangames;
				TargetAttributes = {
					2925BC6623EF8E44008C1688 = {
						CreatedOnToolsVersion = 11.3.1;
					};
				};
			};
			buildConfigurationList = 2925BC6223EF8E44008C1688 /* Build configuration list for PBXProject "Vision" */;
			compatibilityVersion = "Xcode 9.3";
			developmentRegion = en;
			hasScannedForEncodings = 0;
			knownRegions = (
				en,
				Base,
			);
			mainGroup = 2925BC5E23EF8E44008C1688;
			productRefGroup = 2925BC6823EF8E44008C1688 /* Products */;
			projectDirPath = "";
			projectRoot = "";
			targets = (
				2925BC6623EF8E44008C1688 /* Vision */,
			);
		};
/* End PBXProject section */

/* Begin PBXResourcesBuildPhase section */
		2925BC6523EF8E44008C1688 /* Resources */ = {
			isa = PBXResourcesBuildPhase;
			buildActionMask = 2147483647;
			files = (
				2925BC7723EF8E46008C1688 /* LaunchScreen.storyboard in Resources */,
				2925BC7423EF8E46008C1688 /* Preview Assets.xcassets in Resources */,
				2925BC7123EF8E46008C1688 /* Assets.xcassets in Resources */,
			);
			runOnlyForDeploymentPostprocessing = 0;
		};
/* End PBXResourcesBuildPhase section */

/* Begin PBXSourcesBuildPhase section */
		2925BC6323EF8E44008C1688 /* Sources */ = {
			isa = PBXSourcesBuildPhase;
			buildActionMask = 2147483647;
			files = (
				2925BC6B23EF8E44008C1688 /* AppDelegate.swift in Sources */,
				2925BC6D23EF8E44008C1688 /* SceneDelegate.swift in Sources */,
				2925BC6F23EF8E44008C1688 /* ContentView.swift in Sources */,
			);
			runOnlyForDeploymentPostprocessing = 0;
		};
/* End PBXSourcesBuildPhase section */

/* Begin PBXVariantGroup section */
		2925BC7523EF8E46008C1688 /* LaunchScreen.storyboard */ = {
			isa = PBXVariantGroup;
			children = (
				2925BC7623EF8E46008C1688 /* Base */,
			);
			name = LaunchScreen.storyboard;
			sourceTree = "<group>";
		};
/* End PBXVariantGroup section */

/* Begin XCBuildConfiguration section */
		2925BC7923EF8E46008C1688 /* Debug */ = {
			isa = XCBuildConfiguration;
			buildSettings = {
				ALWAYS_SEARCH_USER_PATHS = NO;
				CLANG_ANALYZER_NONNULL = YES;
				CLANG_ANALYZER_NUMBER_OBJECT_CONVERSION = YES_AGGRESSIVE;
				CLANG_CXX_LANGUAGE_STANDARD = "gnu++14";
				CLANG_CXX_LIBRARY = "libc++";
				CLANG_ENABLE_MODULES = YES;
				CLANG_ENABLE_OBJC_ARC = YES;
				CLANG_ENABLE_OBJC_WEAK = YES;
				CLANG_WARN_BLOCK_CAPTURE_AUTORELEASING = YES;
				CLANG_WARN_BOOL_CONVERSION = YES;
				CLANG_WARN_COMMA = YES;
				CLANG_WARN_CONSTANT_CONVERSION = YES;
				CLANG_WARN_DEPRECATED_OBJC_IMPLEMENTATIONS = YES;
				CLANG_WARN_DIRECT_OBJC_ISA_USAGE = YES_ERROR;
				CLANG_WARN_DOCUMENTATION_COMMENTS = YES;
				CLANG_WARN_EMPTY_BODY = YES;
				CLANG_WARN_ENUM_CONVERSION = YES;
				CLANG_WARN_INFINITE_RECURSION = YES;
				CLANG_WARN_INT_CONVERSION = YES;
				CLANG_WARN_NON_LITERAL_NULL_CONVERSION = YES;
				CLANG_WARN_OBJC_IMPLICIT_RETAIN_SELF = YES;
				CLANG_WARN_OBJC_LITERAL_CONVERSION = YES;
				CLANG_WARN_OBJC_ROOT_CLASS = YES_ERROR;
				CLANG_WARN_RANGE_LOOP_ANALYSIS = YES;
				CLANG_WARN_STRICT_PROTOTYPES = YES;
				CLANG_WARN_SUSPICIOUS_MOVE = YES;
				CLANG_WARN_UNGUARDED_AVAILABILITY = YES_AGGRESSIVE;
				CLANG_WARN_UNREACHABLE_CODE = YES;
				CLANG_WARN__DUPLICATE_METHOD_MATCH = YES;
				COPY_PHASE_STRIP = NO;
				DEBUG_INFORMATION_FORMAT = dwarf;
				ENABLE_STRICT_OBJC_MSGSEND = YES;
				ENABLE_TESTABILITY = YES;
				GCC_C_LANGUAGE_STANDARD = gnu11;
				GCC_DYNAMIC_NO_PIC = NO;
				GCC_NO_COMMON_BLOCKS = YES;
				GCC_OPTIMIZATION_LEVEL = 0;
				GCC_PREPROCESSOR_DEFINITIONS = (
					"DEBUG=1",
					"$(inherited)",
				);
				GCC_WARN_64_TO_32_BIT_CONVERSION = YES;
				GCC_WARN_ABOUT_RETURN_TYPE = YES_ERROR;
				GCC_WARN_UNDECLARED_SELECTOR = YES;
				GCC_WARN_UNINITIALIZED_AUTOS = YES_AGGRESSIVE;
				GCC_WARN_UNUSED_FUNCTION = YES;
				GCC_WARN_UNUSED_VARIABLE = YES;
				IPHONEOS_DEPLOYMENT_TARGET = 13.2;
				MTL_ENABLE_DEBUG_INFO = INCLUDE_SOURCE;
				MTL_FAST_MATH = YES;
				ONLY_ACTIVE_ARCH = YES;
				SDKROOT = iphoneos;
				SWIFT_ACTIVE_COMPILATION_CONDITIONS = DEBUG;
				SWIFT_OPTIMIZATION_LEVEL = "-Onone";
			};
			name = Debug;
		};
		2925BC7A23EF8E46008C1688 /* Release */ = {
			isa = XCBuildConfiguration;
			buildSettings = {
				ALWAYS_SEARCH_USER_PATHS = NO;
				CLANG_ANALYZER_NONNULL = YES;
				CLANG_ANALYZER_NUMBER_OBJECT_CONVERSION = YES_AGGRESSIVE;
				CLANG_CXX_LANGUAGE_STANDARD = "gnu++14";
				CLANG_CXX_LIBRARY = "libc++";
				CLANG_ENABLE_MODULES = YES;
				CLANG_ENABLE_OBJC_ARC = YES;
				CLANG_ENABLE_OBJC_WEAK = YES;
				CLANG_WARN_BLOCK_CAPTURE_AUTORELEASING = YES;
				CLANG_WARN_BOOL_CONVERSION = YES;
				CLANG_WARN_COMMA = YES;
				CLANG_WARN_CONSTANT_CONVERSION = YES;
				CLANG_WARN_DEPRECATED_OBJC_IMPLEMENTATIONS = YES;
				CLANG_WARN_DIRECT_OBJC_ISA_USAGE = YES_ERROR;
				CLANG_WARN_DOCUMENTATION_COMMENTS = YES;
				CLANG_WARN_EMPTY_BODY = YES;
				CLANG_WARN_ENUM_CONVERSION = YES;
				CLANG_WARN_INFINITE_RECURSION = YES;
				CLANG_WARN_INT_CONVERSION = YES;
				CLANG_WARN_NON_LITERAL_NULL_CONVERSION = YES;
				CLANG_WARN_OBJC_IMPLICIT_RETAIN_SELF = YES;
				CLANG_WARN_OBJC_LITERAL_CONVERSION = YES;
				CLANG_WARN_OBJC_ROOT_CLASS = YES_ERROR;
				CLANG_WARN_RANGE_LOOP_ANALYSIS = YES;
				CLANG_WARN_STRICT_PROTOTYPES = YES;
				CLANG_WARN_SUSPICIOUS_MOVE = YES;
				CLANG_WARN_UNGUARDED_AVAILABILITY = YES_AGGRESSIVE;
				CLANG_WARN_UNREACHABLE_CODE = YES;
				CLANG_WARN__DUPLICATE_METHOD_MATCH = YES;
				COPY_PHASE_STRIP = NO;
				DEBUG_INFORMATION_FORMAT = "dwarf-with-dsym";
				ENABLE_NS_ASSERTIONS = NO;
				ENABLE_STRICT_OBJC_MSGSEND = YES;
				GCC_C_LANGUAGE_STANDARD = gnu11;
				GCC_NO_COMMON_BLOCKS = YES;
				GCC_WARN_64_TO_32_BIT_CONVERSION = YES;
				GCC_WARN_ABOUT_RETURN_TYPE = YES_ERROR;
				GCC_WARN_UNDECLARED_SELECTOR = YES;
				GCC_WARN_UNINITIALIZED_AUTOS = YES_AGGRESSIVE;
				GCC_WARN_UNUSED_FUNCTION = YES;
				GCC_WARN_UNUSED_VARIABLE = YES;
				IPHONEOS_DEPLOYMENT_TARGET = 13.2;
				MTL_ENABLE_DEBUG_INFO = NO;
				MTL_FAST_MATH = YES;
				SDKROOT = iphoneos;
				SWIFT_COMPILATION_MODE = wholemodule;
				SWIFT_OPTIMIZATION_LEVEL = "-O";
				VALIDATE_PRODUCT = YES;
			};
			name = Release;
		};
		2925BC7C23EF8E46008C1688 /* Debug */ = {
			isa = XCBuildConfiguration;
			buildSettings = {
				ASSETCATALOG_COMPILER_APPICON_NAME = AppIcon;
				CODE_SIGN_STYLE = Automatic;
				DEVELOPMENT_ASSET_PATHS = "\"Vision/Preview Content\"";
				DEVELOPMENT_TEAM = 7K2G3ZSV8T;
				ENABLE_PREVIEWS = YES;
				INFOPLIST_FILE = Vision/Info.plist;
				LD_RUNPATH_SEARCH_PATHS = (
					"$(inherited)",
					"@executable_path/Frameworks",
				);
				PRODUCT_BUNDLE_IDENTIFIER = canericangames.Vision;
				PRODUCT_NAME = "$(TARGET_NAME)";
				SWIFT_VERSION = 5.0;
				TARGETED_DEVICE_FAMILY = "1,2";
			};
			name = Debug;
		};
		2925BC7D23EF8E46008C1688 /* Release */ = {
			isa = XCBuildConfiguration;
			buildSettings = {
				ASSETCATALOG_COMPILER_APPICON_NAME = AppIcon;
				CODE_SIGN_STYLE = Automatic;
				DEVELOPMENT_ASSET_PATHS = "\"Vision/Preview Content\"";
				DEVELOPMENT_TEAM = 7K2G3ZSV8T;
				ENABLE_PREVIEWS = YES;
				INFOPLIST_FILE = Vision/Info.plist;
				LD_RUNPATH_SEARCH_PATHS = (
					"$(inherited)",
					"@executable_path/Frameworks",
				);
				PRODUCT_BUNDLE_IDENTIFIER = canericangames.Vision;
				PRODUCT_NAME = "$(TARGET_NAME)";
				SWIFT_VERSION = 5.0;
				TARGETED_DEVICE_FAMILY = "1,2";
			};
			name = Release;
		};
/* End XCBuildConfiguration section */

/* Begin XCConfigurationList section */
		2925BC6223EF8E44008C1688 /* Build configuration list for PBXProject "Vision" */ = {
			isa = XCConfigurationList;
			buildConfigurations = (
				2925BC7923EF8E46008C1688 /* Debug */,
				2925BC7A23EF8E46008C1688 /* Release */,
			);
			defaultConfigurationIsVisible = 0;
			defaultConfigurationName = Release;
		};
		2925BC7B23EF8E46008C1688 /* Build configuration list for PBXNativeTarget "Vision" */ = {
			isa = XCConfigurationList;
			buildConfigurations = (
				2925BC7C23EF8E46008C1688 /* Debug */,
				2925BC7D23EF8E46008C1688 /* Release */,
			);
			defaultConfigurationIsVisible = 0;
			defaultConfigurationName = Release;
		};
/* End XCConfigurationList section */
	};
	rootObject = 2925BC5F23EF8E44008C1688 /* Project object */;
}
